
Microsoft Visual Studio Solution File, Format Version 12.00
# Visual Studio Version 17
VisualStudioVersion = 17.8.34316.72
MinimumVisualStudioVersion = 10.0.40219.1
Project("{9A19103F-16F7-4668-BE54-9A1E7A4F7556}") = "AsyncDEMO_Net8", "AsyncDEMO_Net8\AsyncDEMO_Net8.csproj", "{DFC8734C-0F2C-4816-B3D8-FCF679A7F1D1}"
EndProject
Project("{2150E333-8FDC-42A3-9474-1A3956D46DE8}") = "Images", "Images", "{9021AB21-D69A-46C7-8AE7-8105D116E0C5}"
	ProjectSection(SolutionItems) = preProject
		Images\FinalProcess.png = Images\FinalProcess.png
		Images\FinalProcess.vsdx = Images\FinalProcess.vsdx
		Images\IndividualTaskDurations.png = Images\IndividualTaskDurations.png
		Images\Results_AsyncFinal.png = Images\Results_AsyncFinal.png
		Images\Results_AsyncWithDeferredAwait.png = Images\Results_AsyncWithDeferredAwait.png
		Images\Results_AsyncWithDeferredAwaitAndTaskComposition.png = Images\Results_AsyncWithDeferredAwaitAndTaskComposition.png
		Images\Results_AsyncWithImmediateAwait.png = Images\Results_AsyncWithImmediateAwait.png
		Images\Results_SyncVersion.png = Images\Results_SyncVersion.png
		Images\SynchronousProcess.png = Images\SynchronousProcess.png
		Images\SynchronousProcess.vsdx = Images\SynchronousProcess.vsdx
	EndProjectSection
EndProject
Project("{2150E333-8FDC-42A3-9474-1A3956D46DE8}") = "Solution Items", "Solution Items", "{11A703B7-2039-4FC5-BDAC-C591658EE3AC}"
	ProjectSection(SolutionItems) = preProject
		.gitignore = .gitignore
		LICENSE = LICENSE
		README.md = README.md
	EndProjectSection
EndProject
Global
	GlobalSection(SolutionConfigurationPlatforms) = preSolution
		Debug|Any CPU = Debug|Any CPU
		Release|Any CPU = Release|Any CPU
	EndGlobalSection
	GlobalSection(ProjectConfigurationPlatforms) = postSolution
		{DFC8734C-0F2C-4816-B3D8-FCF679A7F1D1}.Debug|Any CPU.ActiveCfg = Debug|Any CPU
		{DFC8734C-0F2C-4816-B3D8-FCF679A7F1D1}.Debug|Any CPU.Build.0 = Debug|Any CPU
		{DFC8734C-0F2C-4816-B3D8-FCF679A7F1D1}.Release|Any CPU.ActiveCfg = Release|Any CPU
		{DFC8734C-0F2C-4816-B3D8-FCF679A7F1D1}.Release|Any CPU.Build.0 = Release|Any CPU
	EndGlobalSection
	GlobalSection(SolutionProperties) = preSolution
		HideSolutionNode = FALSE
	EndGlobalSection
	GlobalSection(NestedProjects) = preSolution
		{9021AB21-D69A-46C7-8AE7-8105D116E0C5} = {11A703B7-2039-4FC5-BDAC-C591658EE3AC}
	EndGlobalSection
	GlobalSection(ExtensibilityGlobals) = postSolution
		SolutionGuid = {9E7E2BC5-3191-41A5-85B8-692AA8E6868D}
	EndGlobalSection
EndGlobal
